
Microsoft Visual Studio Solution File, Format Version 12.00
# Visual Studio Version 17
VisualStudioVersion = 17.10.35027.167
MinimumVisualStudioVersion = 10.0.40219.1
Project("{FAE04EC0-301F-11D3-BF4B-00C04F79EFBC}") = "2016WordPrintviewTask5", "2016WordPrintviewTask5.csproj", "{C0210329-C8BC-448A-901A-AA3E4B0A1A6C}"
EndProject
Global
	GlobalSection(SolutionConfigurationPlatforms) = preSolution
		Debug|Any CPU = Debug|Any CPU
		Release|Any CPU = Release|Any CPU
	EndGlobalSection
	GlobalSection(ProjectConfigurationPlatforms) = postSolution
		{C0210329-C8BC-448A-901A-AA3E4B0A1A6C}.Debug|Any CPU.ActiveCfg = Debug|Any CPU
		{C0210329-C8BC-448A-901A-AA3E4B0A1A6C}.Debug|Any CPU.Build.0 = Debug|Any CPU
		{C0210329-C8BC-448A-901A-AA3E4B0A1A6C}.Release|Any CPU.ActiveCfg = Release|Any CPU
		{C0210329-C8BC-448A-901A-AA3E4B0A1A6C}.Release|Any CPU.Build.0 = Release|Any CPU
	EndGlobalSection
	GlobalSection(SolutionProperties) = preSolution
		HideSolutionNode = FALSE
	EndGlobalSection
	GlobalSection(ExtensibilityGlobals) = postSolution
		SolutionGuid = {894B4B1B-6AA6-461A-A1AC-8CBB86E0FAAC}
	EndGlobalSection
EndGlobal
